
Microsoft Visual Studio Solution File, Format Version 12.00
# Visual Studio Version 17
VisualStudioVersion = 17.4.33103.184
MinimumVisualStudioVersion = 10.0.40219.1
Project("{FAE04EC0-301F-11D3-BF4B-00C04F79EFBC}") = "LearnView", "LearnView\LearnView.csproj", "{A0F81B81-7920-4E9C-9A5F-D2562A9EF2BD}"
EndProject
Global
	GlobalSection(SolutionConfigurationPlatforms) = preSolution
		Debug|Any CPU = Debug|Any CPU
		Release|Any CPU = Release|Any CPU
	EndGlobalSection
	GlobalSection(ProjectConfigurationPlatforms) = postSolution
		{A0F81B81-7920-4E9C-9A5F-D2562A9EF2BD}.Debug|Any CPU.ActiveCfg = Debug|Any CPU
		{A0F81B81-7920-4E9C-9A5F-D2562A9EF2BD}.Debug|Any CPU.Build.0 = Debug|Any CPU
		{A0F81B81-7920-4E9C-9A5F-D2562A9EF2BD}.Release|Any CPU.ActiveCfg = Release|Any CPU
		{A0F81B81-7920-4E9C-9A5F-D2562A9EF2BD}.Release|Any CPU.Build.0 = Release|Any CPU
	EndGlobalSection
	GlobalSection(SolutionProperties) = preSolution
		HideSolutionNode = FALSE
	EndGlobalSection
	GlobalSection(ExtensibilityGlobals) = postSolution
		SolutionGuid = {FDA4A224-2D83-4A06-A45C-1D945A266E8E}
	EndGlobalSection
EndGlobal
